
Microsoft Visual Studio Solution File, Format Version 12.00
# Visual Studio Version 17
Project("{2150E333-8FDC-42A3-9474-1A3956D46DE8}") = "CMakePredefinedTargets", "CMakePredefinedTargets", "{B782E8EA-57BE-3CB2-9FB7-B57B6E437BE7}"
EndProject
Project("{2150E333-8FDC-42A3-9474-1A3956D46DE8}") = "GLFW3", "GLFW3", "{56AC1D74-F4BE-3E46-A4AF-47C98680ABA0}"
EndProject
Project("{8BC9CEB8-8B4A-11D0-8D11-00A0C91BC942}") = "ALL_BUILD", "ALL_BUILD.vcxproj", "{A6BD4E68-1AEC-352F-8FC8-6BDA5C54FF50}"
	ProjectSection(ProjectDependencies) = postProject
		{CEE2E7EC-5E26-34E1-87DA-9004C4A926D8} = {CEE2E7EC-5E26-34E1-87DA-9004C4A926D8}
		{8D610C39-0F18-3FF4-9828-81FB2221EE59} = {8D610C39-0F18-3FF4-9828-81FB2221EE59}
		{A044D58B-8A65-3436-890A-975663046AAF} = {A044D58B-8A65-3436-890A-975663046AAF}
		{D89DEF5C-25A3-3A5E-B7B4-69EC92457CA9} = {D89DEF5C-25A3-3A5E-B7B4-69EC92457CA9}
		{59DD061C-CFBC-3BC6-822F-CE10F4340B50} = {59DD061C-CFBC-3BC6-822F-CE10F4340B50}
		{961AAAC9-93A8-3F0A-A68C-9FFD4AC5F6E2} = {961AAAC9-93A8-3F0A-A68C-9FFD4AC5F6E2}
		{536C745F-41AA-371C-BB33-4A406F22141A} = {536C745F-41AA-371C-BB33-4A406F22141A}
		{F58AF583-BF75-3EBE-B0F8-0EAD0379E88C} = {F58AF583-BF75-3EBE-B0F8-0EAD0379E88C}
	EndProjectSection
EndProject
Project("{8BC9CEB8-8B4A-11D0-8D11-00A0C91BC942}") = "AdventureEngine", "AdventureEngine.vcxproj", "{CEE2E7EC-5E26-34E1-87DA-9004C4A926D8}"
	ProjectSection(ProjectDependencies) = postProject
		{8D610C39-0F18-3FF4-9828-81FB2221EE59} = {8D610C39-0F18-3FF4-9828-81FB2221EE59}
		{A044D58B-8A65-3436-890A-975663046AAF} = {A044D58B-8A65-3436-890A-975663046AAF}
		{D89DEF5C-25A3-3A5E-B7B4-69EC92457CA9} = {D89DEF5C-25A3-3A5E-B7B4-69EC92457CA9}
		{59DD061C-CFBC-3BC6-822F-CE10F4340B50} = {59DD061C-CFBC-3BC6-822F-CE10F4340B50}
		{F58AF583-BF75-3EBE-B0F8-0EAD0379E88C} = {F58AF583-BF75-3EBE-B0F8-0EAD0379E88C}
	EndProjectSection
EndProject
Project("{8BC9CEB8-8B4A-11D0-8D11-00A0C91BC942}") = "INSTALL", "INSTALL.vcxproj", "{48524890-5837-3144-B19D-E6B77E3EBB91}"
	ProjectSection(ProjectDependencies) = postProject
		{A6BD4E68-1AEC-352F-8FC8-6BDA5C54FF50} = {A6BD4E68-1AEC-352F-8FC8-6BDA5C54FF50}
		{8D610C39-0F18-3FF4-9828-81FB2221EE59} = {8D610C39-0F18-3FF4-9828-81FB2221EE59}
	EndProjectSection
EndProject
Project("{8BC9CEB8-8B4A-11D0-8D11-00A0C91BC942}") = "UpdateAssimpLibsDebugSymbolsAndDLLs", "_deps\assimp-build\UpdateAssimpLibsDebugSymbolsAndDLLs.vcxproj", "{1FCC5C94-C67D-3732-A97E-FEF15FB65180}"
	ProjectSection(ProjectDependencies) = postProject
		{8D610C39-0F18-3FF4-9828-81FB2221EE59} = {8D610C39-0F18-3FF4-9828-81FB2221EE59}
	EndProjectSection
EndProject
Project("{8BC9CEB8-8B4A-11D0-8D11-00A0C91BC942}") = "ZERO_CHECK", "ZERO_CHECK.vcxproj", "{8D610C39-0F18-3FF4-9828-81FB2221EE59}"
	ProjectSection(ProjectDependencies) = postProject
	EndProjectSection
EndProject
Project("{8BC9CEB8-8B4A-11D0-8D11-00A0C91BC942}") = "assimp", "_deps\assimp-build\code\assimp.vcxproj", "{A044D58B-8A65-3436-890A-975663046AAF}"
	ProjectSection(ProjectDependencies) = postProject
		{8D610C39-0F18-3FF4-9828-81FB2221EE59} = {8D610C39-0F18-3FF4-9828-81FB2221EE59}
		{F58AF583-BF75-3EBE-B0F8-0EAD0379E88C} = {F58AF583-BF75-3EBE-B0F8-0EAD0379E88C}
	EndProjectSection
EndProject
Project("{8BC9CEB8-8B4A-11D0-8D11-00A0C91BC942}") = "glad", "_deps\glad-build\glad.vcxproj", "{D89DEF5C-25A3-3A5E-B7B4-69EC92457CA9}"
	ProjectSection(ProjectDependencies) = postProject
		{8D610C39-0F18-3FF4-9828-81FB2221EE59} = {8D610C39-0F18-3FF4-9828-81FB2221EE59}
		{470F9395-EFA3-34AF-A07F-2A6BE1C6587C} = {470F9395-EFA3-34AF-A07F-2A6BE1C6587C}
	EndProjectSection
EndProject
Project("{8BC9CEB8-8B4A-11D0-8D11-00A0C91BC942}") = "glad-generate-files", "_deps\glad-build\glad-generate-files.vcxproj", "{470F9395-EFA3-34AF-A07F-2A6BE1C6587C}"
	ProjectSection(ProjectDependencies) = postProject
		{8D610C39-0F18-3FF4-9828-81FB2221EE59} = {8D610C39-0F18-3FF4-9828-81FB2221EE59}
	EndProjectSection
EndProject
Project("{8BC9CEB8-8B4A-11D0-8D11-00A0C91BC942}") = "glfw", "_deps\glfw-build\src\glfw.vcxproj", "{59DD061C-CFBC-3BC6-822F-CE10F4340B50}"
	ProjectSection(ProjectDependencies) = postProject
		{8D610C39-0F18-3FF4-9828-81FB2221EE59} = {8D610C39-0F18-3FF4-9828-81FB2221EE59}
	EndProjectSection
EndProject
Project("{8BC9CEB8-8B4A-11D0-8D11-00A0C91BC942}") = "glm", "_deps\glm-build\glm\glm.vcxproj", "{961AAAC9-93A8-3F0A-A68C-9FFD4AC5F6E2}"
	ProjectSection(ProjectDependencies) = postProject
		{8D610C39-0F18-3FF4-9828-81FB2221EE59} = {8D610C39-0F18-3FF4-9828-81FB2221EE59}
	EndProjectSection
EndProject
Project("{8BC9CEB8-8B4A-11D0-8D11-00A0C91BC942}") = "uninstall", "_deps\glfw-build\uninstall.vcxproj", "{29081270-3735-31A4-8FC2-020282404D47}"
	ProjectSection(ProjectDependencies) = postProject
		{8D610C39-0F18-3FF4-9828-81FB2221EE59} = {8D610C39-0F18-3FF4-9828-81FB2221EE59}
	EndProjectSection
EndProject
Project("{8BC9CEB8-8B4A-11D0-8D11-00A0C91BC942}") = "unit", "_deps\assimp-build\test\unit.vcxproj", "{536C745F-41AA-371C-BB33-4A406F22141A}"
	ProjectSection(ProjectDependencies) = postProject
		{8D610C39-0F18-3FF4-9828-81FB2221EE59} = {8D610C39-0F18-3FF4-9828-81FB2221EE59}
		{A044D58B-8A65-3436-890A-975663046AAF} = {A044D58B-8A65-3436-890A-975663046AAF}
		{F58AF583-BF75-3EBE-B0F8-0EAD0379E88C} = {F58AF583-BF75-3EBE-B0F8-0EAD0379E88C}
	EndProjectSection
EndProject
Project("{8BC9CEB8-8B4A-11D0-8D11-00A0C91BC942}") = "update_mappings", "_deps\glfw-build\src\update_mappings.vcxproj", "{108A9102-2EBB-386E-9A8F-1979AF45D3FA}"
	ProjectSection(ProjectDependencies) = postProject
		{8D610C39-0F18-3FF4-9828-81FB2221EE59} = {8D610C39-0F18-3FF4-9828-81FB2221EE59}
	EndProjectSection
EndProject
Project("{8BC9CEB8-8B4A-11D0-8D11-00A0C91BC942}") = "zlibstatic", "_deps\assimp-build\contrib\zlib\zlibstatic.vcxproj", "{F58AF583-BF75-3EBE-B0F8-0EAD0379E88C}"
	ProjectSection(ProjectDependencies) = postProject
		{8D610C39-0F18-3FF4-9828-81FB2221EE59} = {8D610C39-0F18-3FF4-9828-81FB2221EE59}
	EndProjectSection
EndProject
Global
	GlobalSection(SolutionConfigurationPlatforms) = preSolution
		Debug|x64 = Debug|x64
		Release|x64 = Release|x64
		MinSizeRel|x64 = MinSizeRel|x64
		RelWithDebInfo|x64 = RelWithDebInfo|x64
	EndGlobalSection
	GlobalSection(ProjectConfigurationPlatforms) = postSolution
		{A6BD4E68-1AEC-352F-8FC8-6BDA5C54FF50}.Debug|x64.ActiveCfg = Debug|x64
		{A6BD4E68-1AEC-352F-8FC8-6BDA5C54FF50}.Debug|x64.Build.0 = Debug|x64
		{A6BD4E68-1AEC-352F-8FC8-6BDA5C54FF50}.Release|x64.ActiveCfg = Release|x64
		{A6BD4E68-1AEC-352F-8FC8-6BDA5C54FF50}.Release|x64.Build.0 = Release|x64
		{A6BD4E68-1AEC-352F-8FC8-6BDA5C54FF50}.MinSizeRel|x64.ActiveCfg = MinSizeRel|x64
		{A6BD4E68-1AEC-352F-8FC8-6BDA5C54FF50}.MinSizeRel|x64.Build.0 = MinSizeRel|x64
		{A6BD4E68-1AEC-352F-8FC8-6BDA5C54FF50}.RelWithDebInfo|x64.ActiveCfg = RelWithDebInfo|x64
		{A6BD4E68-1AEC-352F-8FC8-6BDA5C54FF50}.RelWithDebInfo|x64.Build.0 = RelWithDebInfo|x64
		{CEE2E7EC-5E26-34E1-87DA-9004C4A926D8}.Debug|x64.ActiveCfg = Debug|x64
		{CEE2E7EC-5E26-34E1-87DA-9004C4A926D8}.Debug|x64.Build.0 = Debug|x64
		{CEE2E7EC-5E26-34E1-87DA-9004C4A926D8}.Release|x64.ActiveCfg = Release|x64
		{CEE2E7EC-5E26-34E1-87DA-9004C4A926D8}.Release|x64.Build.0 = Release|x64
		{CEE2E7EC-5E26-34E1-87DA-9004C4A926D8}.MinSizeRel|x64.ActiveCfg = MinSizeRel|x64
		{CEE2E7EC-5E26-34E1-87DA-9004C4A926D8}.MinSizeRel|x64.Build.0 = MinSizeRel|x64
		{CEE2E7EC-5E26-34E1-87DA-9004C4A926D8}.RelWithDebInfo|x64.ActiveCfg = RelWithDebInfo|x64
		{CEE2E7EC-5E26-34E1-87DA-9004C4A926D8}.RelWithDebInfo|x64.Build.0 = RelWithDebInfo|x64
		{48524890-5837-3144-B19D-E6B77E3EBB91}.Debug|x64.ActiveCfg = Debug|x64
		{48524890-5837-3144-B19D-E6B77E3EBB91}.Release|x64.ActiveCfg = Release|x64
		{48524890-5837-3144-B19D-E6B77E3EBB91}.MinSizeRel|x64.ActiveCfg = MinSizeRel|x64
		{48524890-5837-3144-B19D-E6B77E3EBB91}.RelWithDebInfo|x64.ActiveCfg = RelWithDebInfo|x64
		{1FCC5C94-C67D-3732-A97E-FEF15FB65180}.Debug|x64.ActiveCfg = Debug|x64
		{1FCC5C94-C67D-3732-A97E-FEF15FB65180}.Release|x64.ActiveCfg = Release|x64
		{1FCC5C94-C67D-3732-A97E-FEF15FB65180}.MinSizeRel|x64.ActiveCfg = MinSizeRel|x64
		{1FCC5C94-C67D-3732-A97E-FEF15FB65180}.RelWithDebInfo|x64.ActiveCfg = RelWithDebInfo|x64
		{8D610C39-0F18-3FF4-9828-81FB2221EE59}.Debug|x64.ActiveCfg = Debug|x64
		{8D610C39-0F18-3FF4-9828-81FB2221EE59}.Debug|x64.Build.0 = Debug|x64
		{8D610C39-0F18-3FF4-9828-81FB2221EE59}.Release|x64.ActiveCfg = Release|x64
		{8D610C39-0F18-3FF4-9828-81FB2221EE59}.Release|x64.Build.0 = Release|x64
		{8D610C39-0F18-3FF4-9828-81FB2221EE59}.MinSizeRel|x64.ActiveCfg = MinSizeRel|x64
		{8D610C39-0F18-3FF4-9828-81FB2221EE59}.MinSizeRel|x64.Build.0 = MinSizeRel|x64
		{8D610C39-0F18-3FF4-9828-81FB2221EE59}.RelWithDebInfo|x64.ActiveCfg = RelWithDebInfo|x64
		{8D610C39-0F18-3FF4-9828-81FB2221EE59}.RelWithDebInfo|x64.Build.0 = RelWithDebInfo|x64
		{A044D58B-8A65-3436-890A-975663046AAF}.Debug|x64.ActiveCfg = Debug|x64
		{A044D58B-8A65-3436-890A-975663046AAF}.Debug|x64.Build.0 = Debug|x64
		{A044D58B-8A65-3436-890A-975663046AAF}.Release|x64.ActiveCfg = Release|x64
		{A044D58B-8A65-3436-890A-975663046AAF}.Release|x64.Build.0 = Release|x64
		{A044D58B-8A65-3436-890A-975663046AAF}.MinSizeRel|x64.ActiveCfg = MinSizeRel|x64
		{A044D58B-8A65-3436-890A-975663046AAF}.MinSizeRel|x64.Build.0 = MinSizeRel|x64
		{A044D58B-8A65-3436-890A-975663046AAF}.RelWithDebInfo|x64.ActiveCfg = RelWithDebInfo|x64
		{A044D58B-8A65-3436-890A-975663046AAF}.RelWithDebInfo|x64.Build.0 = RelWithDebInfo|x64
		{D89DEF5C-25A3-3A5E-B7B4-69EC92457CA9}.Debug|x64.ActiveCfg = Debug|x64
		{D89DEF5C-25A3-3A5E-B7B4-69EC92457CA9}.Debug|x64.Build.0 = Debug|x64
		{D89DEF5C-25A3-3A5E-B7B4-69EC92457CA9}.Release|x64.ActiveCfg = Release|x64
		{D89DEF5C-25A3-3A5E-B7B4-69EC92457CA9}.Release|x64.Build.0 = Release|x64
		{D89DEF5C-25A3-3A5E-B7B4-69EC92457CA9}.MinSizeRel|x64.ActiveCfg = MinSizeRel|x64
		{D89DEF5C-25A3-3A5E-B7B4-69EC92457CA9}.MinSizeRel|x64.Build.0 = MinSizeRel|x64
		{D89DEF5C-25A3-3A5E-B7B4-69EC92457CA9}.RelWithDebInfo|x64.ActiveCfg = RelWithDebInfo|x64
		{D89DEF5C-25A3-3A5E-B7B4-69EC92457CA9}.RelWithDebInfo|x64.Build.0 = RelWithDebInfo|x64
		{470F9395-EFA3-34AF-A07F-2A6BE1C6587C}.Debug|x64.ActiveCfg = Debug|x64
		{470F9395-EFA3-34AF-A07F-2A6BE1C6587C}.Debug|x64.Build.0 = Debug|x64
		{470F9395-EFA3-34AF-A07F-2A6BE1C6587C}.Release|x64.ActiveCfg = Release|x64
		{470F9395-EFA3-34AF-A07F-2A6BE1C6587C}.Release|x64.Build.0 = Release|x64
		{470F9395-EFA3-34AF-A07F-2A6BE1C6587C}.MinSizeRel|x64.ActiveCfg = MinSizeRel|x64
		{470F9395-EFA3-34AF-A07F-2A6BE1C6587C}.MinSizeRel|x64.Build.0 = MinSizeRel|x64
		{470F9395-EFA3-34AF-A07F-2A6BE1C6587C}.RelWithDebInfo|x64.ActiveCfg = RelWithDebInfo|x64
		{470F9395-EFA3-34AF-A07F-2A6BE1C6587C}.RelWithDebInfo|x64.Build.0 = RelWithDebInfo|x64
		{59DD061C-CFBC-3BC6-822F-CE10F4340B50}.Debug|x64.ActiveCfg = Debug|x64
		{59DD061C-CFBC-3BC6-822F-CE10F4340B50}.Debug|x64.Build.0 = Debug|x64
		{59DD061C-CFBC-3BC6-822F-CE10F4340B50}.Release|x64.ActiveCfg = Release|x64
		{59DD061C-CFBC-3BC6-822F-CE10F4340B50}.Release|x64.Build.0 = Release|x64
		{59DD061C-CFBC-3BC6-822F-CE10F4340B50}.MinSizeRel|x64.ActiveCfg = MinSizeRel|x64
		{59DD061C-CFBC-3BC6-822F-CE10F4340B50}.MinSizeRel|x64.Build.0 = MinSizeRel|x64
		{59DD061C-CFBC-3BC6-822F-CE10F4340B50}.RelWithDebInfo|x64.ActiveCfg = RelWithDebInfo|x64
		{59DD061C-CFBC-3BC6-822F-CE10F4340B50}.RelWithDebInfo|x64.Build.0 = RelWithDebInfo|x64
		{961AAAC9-93A8-3F0A-A68C-9FFD4AC5F6E2}.Debug|x64.ActiveCfg = Debug|x64
		{961AAAC9-93A8-3F0A-A68C-9FFD4AC5F6E2}.Debug|x64.Build.0 = Debug|x64
		{961AAAC9-93A8-3F0A-A68C-9FFD4AC5F6E2}.Release|x64.ActiveCfg = Release|x64
		{961AAAC9-93A8-3F0A-A68C-9FFD4AC5F6E2}.Release|x64.Build.0 = Release|x64
		{961AAAC9-93A8-3F0A-A68C-9FFD4AC5F6E2}.MinSizeRel|x64.ActiveCfg = MinSizeRel|x64
		{961AAAC9-93A8-3F0A-A68C-9FFD4AC5F6E2}.MinSizeRel|x64.Build.0 = MinSizeRel|x64
		{961AAAC9-93A8-3F0A-A68C-9FFD4AC5F6E2}.RelWithDebInfo|x64.ActiveCfg = RelWithDebInfo|x64
		{961AAAC9-93A8-3F0A-A68C-9FFD4AC5F6E2}.RelWithDebInfo|x64.Build.0 = RelWithDebInfo|x64
		{29081270-3735-31A4-8FC2-020282404D47}.Debug|x64.ActiveCfg = Debug|x64
		{29081270-3735-31A4-8FC2-020282404D47}.Release|x64.ActiveCfg = Release|x64
		{29081270-3735-31A4-8FC2-020282404D47}.MinSizeRel|x64.ActiveCfg = MinSizeRel|x64
		{29081270-3735-31A4-8FC2-020282404D47}.RelWithDebInfo|x64.ActiveCfg = RelWithDebInfo|x64
		{536C745F-41AA-371C-BB33-4A406F22141A}.Debug|x64.ActiveCfg = Debug|x64
		{536C745F-41AA-371C-BB33-4A406F22141A}.Debug|x64.Build.0 = Debug|x64
		{536C745F-41AA-371C-BB33-4A406F22141A}.Release|x64.ActiveCfg = Release|x64
		{536C745F-41AA-371C-BB33-4A406F22141A}.Release|x64.Build.0 = Release|x64
		{536C745F-41AA-371C-BB33-4A406F22141A}.MinSizeRel|x64.ActiveCfg = MinSizeRel|x64
		{536C745F-41AA-371C-BB33-4A406F22141A}.MinSizeRel|x64.Build.0 = MinSizeRel|x64
		{536C745F-41AA-371C-BB33-4A406F22141A}.RelWithDebInfo|x64.ActiveCfg = RelWithDebInfo|x64
		{536C745F-41AA-371C-BB33-4A406F22141A}.RelWithDebInfo|x64.Build.0 = RelWithDebInfo|x64
		{108A9102-2EBB-386E-9A8F-1979AF45D3FA}.Debug|x64.ActiveCfg = Debug|x64
		{108A9102-2EBB-386E-9A8F-1979AF45D3FA}.Release|x64.ActiveCfg = Release|x64
		{108A9102-2EBB-386E-9A8F-1979AF45D3FA}.MinSizeRel|x64.ActiveCfg = MinSizeRel|x64
		{108A9102-2EBB-386E-9A8F-1979AF45D3FA}.RelWithDebInfo|x64.ActiveCfg = RelWithDebInfo|x64
		{F58AF583-BF75-3EBE-B0F8-0EAD0379E88C}.Debug|x64.ActiveCfg = Debug|x64
		{F58AF583-BF75-3EBE-B0F8-0EAD0379E88C}.Debug|x64.Build.0 = Debug|x64
		{F58AF583-BF75-3EBE-B0F8-0EAD0379E88C}.Release|x64.ActiveCfg = Release|x64
		{F58AF583-BF75-3EBE-B0F8-0EAD0379E88C}.Release|x64.Build.0 = Release|x64
		{F58AF583-BF75-3EBE-B0F8-0EAD0379E88C}.MinSizeRel|x64.ActiveCfg = MinSizeRel|x64
		{F58AF583-BF75-3EBE-B0F8-0EAD0379E88C}.MinSizeRel|x64.Build.0 = MinSizeRel|x64
		{F58AF583-BF75-3EBE-B0F8-0EAD0379E88C}.RelWithDebInfo|x64.ActiveCfg = RelWithDebInfo|x64
		{F58AF583-BF75-3EBE-B0F8-0EAD0379E88C}.RelWithDebInfo|x64.Build.0 = RelWithDebInfo|x64
	EndGlobalSection
	GlobalSection(NestedProjects) = preSolution
		{A6BD4E68-1AEC-352F-8FC8-6BDA5C54FF50} = {B782E8EA-57BE-3CB2-9FB7-B57B6E437BE7}
		{48524890-5837-3144-B19D-E6B77E3EBB91} = {B782E8EA-57BE-3CB2-9FB7-B57B6E437BE7}
		{8D610C39-0F18-3FF4-9828-81FB2221EE59} = {B782E8EA-57BE-3CB2-9FB7-B57B6E437BE7}
		{59DD061C-CFBC-3BC6-822F-CE10F4340B50} = {56AC1D74-F4BE-3E46-A4AF-47C98680ABA0}
		{29081270-3735-31A4-8FC2-020282404D47} = {56AC1D74-F4BE-3E46-A4AF-47C98680ABA0}
		{108A9102-2EBB-386E-9A8F-1979AF45D3FA} = {56AC1D74-F4BE-3E46-A4AF-47C98680ABA0}
	EndGlobalSection
	GlobalSection(ExtensibilityGlobals) = postSolution
		SolutionGuid = {16659435-9AB7-3035-B64C-79DA8CBE8095}
	EndGlobalSection
	GlobalSection(ExtensibilityAddIns) = postSolution
	EndGlobalSection
EndGlobal
