<?xml version="1.0" encoding="utf-8"?>
<Project ToolsVersion="17.0" xmlns="http://schemas.microsoft.com/developer/msbuild/2003">
  <ItemGroup>
    <CustomBuild Include="D:\Programming\projects\AdventureEngine\CMakeFiles\bfffad2b0973f9e6929306867394416a\generate.stamp.rule">
      <Filter>CMake Rules</Filter>
    </CustomBuild>
  </ItemGroup>
  <ItemGroup>
    <Filter Include="CMake Rules">
      <UniqueIdentifier>{4004EFE2-4EB0-36C9-8B31-582691EE05B0}</UniqueIdentifier>
    </Filter>
  </ItemGroup>
</Project>
